// !$*UTF8*$!
{
	archiveVersion = 1;
	classes = {
	};
	objectVersion = 55;
	objects = {

/* Begin PBXBuildFile section */
		68FCB09828A008D800A60408 /* TwitterApp.swift in Sources */ = {isa = PBXBuildFile; fileRef = 68FCB09728A008D800A60408 /* TwitterApp.swift */; };
		68FCB09A28A008D800A60408 /* ContentView.swift in Sources */ = {isa = PBXBuildFile; fileRef = 68FCB09928A008D800A60408 /* ContentView.swift */; };
		68FCB09C28A008D900A60408 /* Assets.xcassets in Resources */ = {isa = PBXBuildFile; fileRef = 68FCB09B28A008D900A60408 /* Assets.xcassets */; };
		68FCB09F28A008D900A60408 /* Preview Assets.xcassets in Resources */ = {isa = PBXBuildFile; fileRef = 68FCB09E28A008D900A60408 /* Preview Assets.xcassets */; };
		68FCB0AF28A00AAE00A60408 /* FeedView.swift in Sources */ = {isa = PBXBuildFile; fileRef = 68FCB0AE28A00AAE00A60408 /* FeedView.swift */; };
		68FCB0B528A00C0E00A60408 /* TweetRowView.swift in Sources */ = {isa = PBXBuildFile; fileRef = 68FCB0B428A00C0E00A60408 /* TweetRowView.swift */; };
		68FCB0BB28A01EA500A60408 /* MainTabView.swift in Sources */ = {isa = PBXBuildFile; fileRef = 68FCB0BA28A01EA500A60408 /* MainTabView.swift */; };
		68FCB0C228A0208B00A60408 /* ExploreView.swift in Sources */ = {isa = PBXBuildFile; fileRef = 68FCB0C128A0208B00A60408 /* ExploreView.swift */; };
		68FCB0C428A020D200A60408 /* NotificationsView.swift in Sources */ = {isa = PBXBuildFile; fileRef = 68FCB0C328A020D200A60408 /* NotificationsView.swift */; };
		68FCB0C628A0210300A60408 /* MessagesView.swift in Sources */ = {isa = PBXBuildFile; fileRef = 68FCB0C528A0210300A60408 /* MessagesView.swift */; };
		68FCB0CA28A0228A00A60408 /* ProfileView.swift in Sources */ = {isa = PBXBuildFile; fileRef = 68FCB0C928A0228A00A60408 /* ProfileView.swift */; };
		68FCB0CE28A03FD400A60408 /* TweetFilterViewModel.swift in Sources */ = {isa = PBXBuildFile; fileRef = 68FCB0CD28A03FD400A60408 /* TweetFilterViewModel.swift */; };
		68FCB0EF28A17B7300A60408 /* UserRowView.swift in Sources */ = {isa = PBXBuildFile; fileRef = 68FCB0EE28A17B7300A60408 /* UserRowView.swift */; };
/* End PBXBuildFile section */

/* Begin PBXFileReference section */
		68FCB09428A008D800A60408 /* Twitter.app */ = {isa = PBXFileReference; explicitFileType = wrapper.application; includeInIndex = 0; path = Twitter.app; sourceTree = BUILT_PRODUCTS_DIR; };
		68FCB09728A008D800A60408 /* TwitterApp.swift */ = {isa = PBXFileReference; lastKnownFileType = sourcecode.swift; path = TwitterApp.swift; sourceTree = "<group>"; };
		68FCB09928A008D800A60408 /* ContentView.swift */ = {isa = PBXFileReference; lastKnownFileType = sourcecode.swift; path = ContentView.swift; sourceTree = "<group>"; };
		68FCB09B28A008D900A60408 /* Assets.xcassets */ = {isa = PBXFileReference; lastKnownFileType = folder.assetcatalog; path = Assets.xcassets; sourceTree = "<group>"; };
		68FCB09E28A008D900A60408 /* Preview Assets.xcassets */ = {isa = PBXFileReference; lastKnownFileType = folder.assetcatalog; path = "Preview Assets.xcassets"; sourceTree = "<group>"; };
		68FCB0AE28A00AAE00A60408 /* FeedView.swift */ = {isa = PBXFileReference; lastKnownFileType = sourcecode.swift; path = FeedView.swift; sourceTree = "<group>"; };
		68FCB0B428A00C0E00A60408 /* TweetRowView.swift */ = {isa = PBXFileReference; lastKnownFileType = sourcecode.swift; path = TweetRowView.swift; sourceTree = "<group>"; };
		68FCB0BA28A01EA500A60408 /* MainTabView.swift */ = {isa = PBXFileReference; lastKnownFileType = sourcecode.swift; path = MainTabView.swift; sourceTree = "<group>"; };
		68FCB0C128A0208B00A60408 /* ExploreView.swift */ = {isa = PBXFileReference; lastKnownFileType = sourcecode.swift; path = ExploreView.swift; sourceTree = "<group>"; };
		68FCB0C328A020D200A60408 /* NotificationsView.swift */ = {isa = PBXFileReference; lastKnownFileType = sourcecode.swift; path = NotificationsView.swift; sourceTree = "<group>"; };
		68FCB0C528A0210300A60408 /* MessagesView.swift */ = {isa = PBXFileReference; lastKnownFileType = sourcecode.swift; path = MessagesView.swift; sourceTree = "<group>"; };
		68FCB0C928A0228A00A60408 /* ProfileView.swift */ = {isa = PBXFileReference; lastKnownFileType = sourcecode.swift; path = ProfileView.swift; sourceTree = "<group>"; };
		68FCB0CD28A03FD400A60408 /* TweetFilterViewModel.swift */ = {isa = PBXFileReference; lastKnownFileType = sourcecode.swift; path = TweetFilterViewModel.swift; sourceTree = "<group>"; };
		68FCB0EE28A17B7300A60408 /* UserRowView.swift */ = {isa = PBXFileReference; lastKnownFileType = sourcecode.swift; path = UserRowView.swift; sourceTree = "<group>"; };
/* End PBXFileReference section */

/* Begin PBXFrameworksBuildPhase section */
		68FCB09128A008D800A60408 /* Frameworks */ = {
			isa = PBXFrameworksBuildPhase;
			buildActionMask = 2147483647;
			files = (
			);
			runOnlyForDeploymentPostprocessing = 0;
		};
/* End PBXFrameworksBuildPhase section */

/* Begin PBXGroup section */
		68FCB08B28A008D800A60408 = {
			isa = PBXGroup;
			children = (
				68FCB09628A008D800A60408 /* Twitter */,
				68FCB09528A008D800A60408 /* Products */,
			);
			sourceTree = "<group>";
		};
		68FCB09528A008D800A60408 /* Products */ = {
			isa = PBXGroup;
			children = (
				68FCB09428A008D800A60408 /* Twitter.app */,
			);
			name = Products;
			sourceTree = "<group>";
		};
		68FCB09628A008D800A60408 /* Twitter */ = {
			isa = PBXGroup;
			children = (
				68FCB0A828A0098800A60408 /* Extensions */,
				68FCB0A728A0098600A60408 /* Model */,
				68FCB0A628A0098400A60408 /* Service */,
				68FCB0A528A0097F00A60408 /* Core */,
				68FCB09728A008D800A60408 /* TwitterApp.swift */,
				68FCB09928A008D800A60408 /* ContentView.swift */,
				68FCB09B28A008D900A60408 /* Assets.xcassets */,
				68FCB09D28A008D900A60408 /* Preview Content */,
			);
			path = Twitter;
			sourceTree = "<group>";
		};
		68FCB09D28A008D900A60408 /* Preview Content */ = {
			isa = PBXGroup;
			children = (
				68FCB09E28A008D900A60408 /* Preview Assets.xcassets */,
			);
			path = "Preview Content";
			sourceTree = "<group>";
		};
		68FCB0A528A0097F00A60408 /* Core */ = {
			isa = PBXGroup;
			children = (
				68FCB0A928A009CA00A60408 /* Components */,
				68FCB0C028A0205800A60408 /* Profile */,
				68FCB0BD28A01FC500A60408 /* Explore */,
				68FCB0BC28A01FC200A60408 /* Notifications */,
				68FCB0BF28A01FFA00A60408 /* Messages  */,
				68FCB0B928A01E4700A60408 /* MainTab */,
				68FCB0AA28A009CC00A60408 /* Feed */,
			);
			path = Core;
			sourceTree = "<group>";
		};
		68FCB0A628A0098400A60408 /* Service */ = {
			isa = PBXGroup;
			children = (
			);
			path = Service;
			sourceTree = "<group>";
		};
		68FCB0A728A0098600A60408 /* Model */ = {
			isa = PBXGroup;
			children = (
			);
			path = Model;
			sourceTree = "<group>";
		};
		68FCB0A828A0098800A60408 /* Extensions */ = {
			isa = PBXGroup;
			children = (
			);
			path = Extensions;
			sourceTree = "<group>";
		};
		68FCB0A928A009CA00A60408 /* Components */ = {
			isa = PBXGroup;
			children = (
				68FCB0ED28A17B2000A60408 /* Users */,
				68FCB0B028A00B7900A60408 /* Tweets */,
			);
			path = Components;
			sourceTree = "<group>";
		};
		68FCB0AA28A009CC00A60408 /* Feed */ = {
			isa = PBXGroup;
			children = (
				68FCB0AD28A00A5800A60408 /* ViewModel */,
				68FCB0AB28A00A4A00A60408 /* View */,
			);
			path = Feed;
			sourceTree = "<group>";
		};
		68FCB0AB28A00A4A00A60408 /* View */ = {
			isa = PBXGroup;
			children = (
				68FCB0AE28A00AAE00A60408 /* FeedView.swift */,
			);
			path = View;
			sourceTree = "<group>";
		};
		68FCB0AD28A00A5800A60408 /* ViewModel */ = {
			isa = PBXGroup;
			children = (
			);
			path = ViewModel;
			sourceTree = "<group>";
		};
		68FCB0B028A00B7900A60408 /* Tweets */ = {
			isa = PBXGroup;
			children = (
				68FCB0B428A00C0E00A60408 /* TweetRowView.swift */,
			);
			path = Tweets;
			sourceTree = "<group>";
		};
		68FCB0B928A01E4700A60408 /* MainTab */ = {
			isa = PBXGroup;
			children = (
				68FCB0BA28A01EA500A60408 /* MainTabView.swift */,
			);
			path = MainTab;
			sourceTree = "<group>";
		};
		68FCB0BC28A01FC200A60408 /* Notifications */ = {
			isa = PBXGroup;
			children = (
				68FCB0C328A020D200A60408 /* NotificationsView.swift */,
			);
			path = Notifications;
			sourceTree = "<group>";
		};
		68FCB0BD28A01FC500A60408 /* Explore */ = {
			isa = PBXGroup;
			children = (
				68FCB0EC28A17AD400A60408 /* ViewModels */,
				68FCB0EB28A17AD200A60408 /* Views */,
			);
			path = Explore;
			sourceTree = "<group>";
		};
		68FCB0BF28A01FFA00A60408 /* Messages  */ = {
			isa = PBXGroup;
			children = (
				68FCB0C528A0210300A60408 /* MessagesView.swift */,
			);
			path = "Messages ";
			sourceTree = "<group>";
		};
		68FCB0C028A0205800A60408 /* Profile */ = {
			isa = PBXGroup;
			children = (
				68FCB0C728A0225100A60408 /* ViewModels */,
				68FCB0C828A0225800A60408 /* Views */,
			);
			path = Profile;
			sourceTree = "<group>";
		};
		68FCB0C728A0225100A60408 /* ViewModels */ = {
			isa = PBXGroup;
			children = (
				68FCB0CD28A03FD400A60408 /* TweetFilterViewModel.swift */,
			);
			path = ViewModels;
			sourceTree = "<group>";
		};
		68FCB0C828A0225800A60408 /* Views */ = {
			isa = PBXGroup;
			children = (
				68FCB0C928A0228A00A60408 /* ProfileView.swift */,
			);
			path = Views;
			sourceTree = "<group>";
		};
		68FCB0EB28A17AD200A60408 /* Views */ = {
			isa = PBXGroup;
			children = (
				68FCB0C128A0208B00A60408 /* ExploreView.swift */,
			);
			path = Views;
			sourceTree = "<group>";
		};
		68FCB0EC28A17AD400A60408 /* ViewModels */ = {
			isa = PBXGroup;
			children = (
			);
			path = ViewModels;
			sourceTree = "<group>";
		};
		68FCB0ED28A17B2000A60408 /* Users */ = {
			isa = PBXGroup;
			children = (
				68FCB0EE28A17B7300A60408 /* UserRowView.swift */,
			);
			path = Users;
			sourceTree = "<group>";
		};
/* End PBXGroup section */

/* Begin PBXNativeTarget section */
		68FCB09328A008D800A60408 /* Twitter */ = {
			isa = PBXNativeTarget;
			buildConfigurationList = 68FCB0A228A008D900A60408 /* Build configuration list for PBXNativeTarget "Twitter" */;
			buildPhases = (
				68FCB09028A008D800A60408 /* Sources */,
				68FCB09128A008D800A60408 /* Frameworks */,
				68FCB09228A008D800A60408 /* Resources */,
			);
			buildRules = (
			);
			dependencies = (
			);
			name = Twitter;
			productName = Twitter;
			productReference = 68FCB09428A008D800A60408 /* Twitter.app */;
			productType = "com.apple.product-type.application";
		};
/* End PBXNativeTarget section */

/* Begin PBXProject section */
		68FCB08C28A008D800A60408 /* Project object */ = {
			isa = PBXProject;
			attributes = {
				BuildIndependentTargetsInParallel = 1;
				LastSwiftUpdateCheck = 1340;
				LastUpgradeCheck = 1340;
				TargetAttributes = {
					68FCB09328A008D800A60408 = {
						CreatedOnToolsVersion = 13.4.1;
					};
				};
			};
			buildConfigurationList = 68FCB08F28A008D800A60408 /* Build configuration list for PBXProject "Twitter" */;
			compatibilityVersion = "Xcode 13.0";
			developmentRegion = en;
			hasScannedForEncodings = 0;
			knownRegions = (
				en,
				Base,
			);
			mainGroup = 68FCB08B28A008D800A60408;
			productRefGroup = 68FCB09528A008D800A60408 /* Products */;
			projectDirPath = "";
			projectRoot = "";
			targets = (
				68FCB09328A008D800A60408 /* Twitter */,
			);
		};
/* End PBXProject section */

/* Begin PBXResourcesBuildPhase section */
		68FCB09228A008D800A60408 /* Resources */ = {
			isa = PBXResourcesBuildPhase;
			buildActionMask = 2147483647;
			files = (
				68FCB09F28A008D900A60408 /* Preview Assets.xcassets in Resources */,
				68FCB09C28A008D900A60408 /* Assets.xcassets in Resources */,
			);
			runOnlyForDeploymentPostprocessing = 0;
		};
/* End PBXResourcesBuildPhase section */

/* Begin PBXSourcesBuildPhase section */
		68FCB09028A008D800A60408 /* Sources */ = {
			isa = PBXSourcesBuildPhase;
			buildActionMask = 2147483647;
			files = (
				68FCB0C628A0210300A60408 /* MessagesView.swift in Sources */,
				68FCB0CA28A0228A00A60408 /* ProfileView.swift in Sources */,
				68FCB09A28A008D800A60408 /* ContentView.swift in Sources */,
				68FCB0B528A00C0E00A60408 /* TweetRowView.swift in Sources */,
				68FCB0CE28A03FD400A60408 /* TweetFilterViewModel.swift in Sources */,
				68FCB0AF28A00AAE00A60408 /* FeedView.swift in Sources */,
				68FCB09828A008D800A60408 /* TwitterApp.swift in Sources */,
				68FCB0C228A0208B00A60408 /* ExploreView.swift in Sources */,
				68FCB0EF28A17B7300A60408 /* UserRowView.swift in Sources */,
				68FCB0BB28A01EA500A60408 /* MainTabView.swift in Sources */,
				68FCB0C428A020D200A60408 /* NotificationsView.swift in Sources */,
			);
			runOnlyForDeploymentPostprocessing = 0;
		};
/* End PBXSourcesBuildPhase section */

/* Begin XCBuildConfiguration section */
		68FCB0A028A008D900A60408 /* Debug */ = {
			isa = XCBuildConfiguration;
			buildSettings = {
				ALWAYS_SEARCH_USER_PATHS = NO;
				CLANG_ANALYZER_NONNULL = YES;
				CLANG_ANALYZER_NUMBER_OBJECT_CONVERSION = YES_AGGRESSIVE;
				CLANG_CXX_LANGUAGE_STANDARD = "gnu++17";
				CLANG_ENABLE_MODULES = YES;
				CLANG_ENABLE_OBJC_ARC = YES;
				CLANG_ENABLE_OBJC_WEAK = YES;
				CLANG_WARN_BLOCK_CAPTURE_AUTORELEASING = YES;
				CLANG_WARN_BOOL_CONVERSION = YES;
				CLANG_WARN_COMMA = YES;
				CLANG_WARN_CONSTANT_CONVERSION = YES;
				CLANG_WARN_DEPRECATED_OBJC_IMPLEMENTATIONS = YES;
				CLANG_WARN_DIRECT_OBJC_ISA_USAGE = YES_ERROR;
				CLANG_WARN_DOCUMENTATION_COMMENTS = YES;
				CLANG_WARN_EMPTY_BODY = YES;
				CLANG_WARN_ENUM_CONVERSION = YES;
				CLANG_WARN_INFINITE_RECURSION = YES;
				CLANG_WARN_INT_CONVERSION = YES;
				CLANG_WARN_NON_LITERAL_NULL_CONVERSION = YES;
				CLANG_WARN_OBJC_IMPLICIT_RETAIN_SELF = YES;
				CLANG_WARN_OBJC_LITERAL_CONVERSION = YES;
				CLANG_WARN_OBJC_ROOT_CLASS = YES_ERROR;
				CLANG_WARN_QUOTED_INCLUDE_IN_FRAMEWORK_HEADER = YES;
				CLANG_WARN_RANGE_LOOP_ANALYSIS = YES;
				CLANG_WARN_STRICT_PROTOTYPES = YES;
				CLANG_WARN_SUSPICIOUS_MOVE = YES;
				CLANG_WARN_UNGUARDED_AVAILABILITY = YES_AGGRESSIVE;
				CLANG_WARN_UNREACHABLE_CODE = YES;
				CLANG_WARN__DUPLICATE_METHOD_MATCH = YES;
				COPY_PHASE_STRIP = NO;
				DEBUG_INFORMATION_FORMAT = dwarf;
				ENABLE_STRICT_OBJC_MSGSEND = YES;
				ENABLE_TESTABILITY = YES;
				GCC_C_LANGUAGE_STANDARD = gnu11;
				GCC_DYNAMIC_NO_PIC = NO;
				GCC_NO_COMMON_BLOCKS = YES;
				GCC_OPTIMIZATION_LEVEL = 0;
				GCC_PREPROCESSOR_DEFINITIONS = (
					"DEBUG=1",
					"$(inherited)",
				);
				GCC_WARN_64_TO_32_BIT_CONVERSION = YES;
				GCC_WARN_ABOUT_RETURN_TYPE = YES_ERROR;
				GCC_WARN_UNDECLARED_SELECTOR = YES;
				GCC_WARN_UNINITIALIZED_AUTOS = YES_AGGRESSIVE;
				GCC_WARN_UNUSED_FUNCTION = YES;
				GCC_WARN_UNUSED_VARIABLE = YES;
				IPHONEOS_DEPLOYMENT_TARGET = 15.5;
				MTL_ENABLE_DEBUG_INFO = INCLUDE_SOURCE;
				MTL_FAST_MATH = YES;
				ONLY_ACTIVE_ARCH = YES;
				SDKROOT = iphoneos;
				SWIFT_ACTIVE_COMPILATION_CONDITIONS = DEBUG;
				SWIFT_OPTIMIZATION_LEVEL = "-Onone";
			};
			name = Debug;
		};
		68FCB0A128A008D900A60408 /* Release */ = {
			isa = XCBuildConfiguration;
			buildSettings = {
				ALWAYS_SEARCH_USER_PATHS = NO;
				CLANG_ANALYZER_NONNULL = YES;
				CLANG_ANALYZER_NUMBER_OBJECT_CONVERSION = YES_AGGRESSIVE;
				CLANG_CXX_LANGUAGE_STANDARD = "gnu++17";
				CLANG_ENABLE_MODULES = YES;
				CLANG_ENABLE_OBJC_ARC = YES;
				CLANG_ENABLE_OBJC_WEAK = YES;
				CLANG_WARN_BLOCK_CAPTURE_AUTORELEASING = YES;
				CLANG_WARN_BOOL_CONVERSION = YES;
				CLANG_WARN_COMMA = YES;
				CLANG_WARN_CONSTANT_CONVERSION = YES;
				CLANG_WARN_DEPRECATED_OBJC_IMPLEMENTATIONS = YES;
				CLANG_WARN_DIRECT_OBJC_ISA_USAGE = YES_ERROR;
				CLANG_WARN_DOCUMENTATION_COMMENTS = YES;
				CLANG_WARN_EMPTY_BODY = YES;
				CLANG_WARN_ENUM_CONVERSION = YES;
				CLANG_WARN_INFINITE_RECURSION = YES;
				CLANG_WARN_INT_CONVERSION = YES;
				CLANG_WARN_NON_LITERAL_NULL_CONVERSION = YES;
				CLANG_WARN_OBJC_IMPLICIT_RETAIN_SELF = YES;
				CLANG_WARN_OBJC_LITERAL_CONVERSION = YES;
				CLANG_WARN_OBJC_ROOT_CLASS = YES_ERROR;
				CLANG_WARN_QUOTED_INCLUDE_IN_FRAMEWORK_HEADER = YES;
				CLANG_WARN_RANGE_LOOP_ANALYSIS = YES;
				CLANG_WARN_STRICT_PROTOTYPES = YES;
				CLANG_WARN_SUSPICIOUS_MOVE = YES;
				CLANG_WARN_UNGUARDED_AVAILABILITY = YES_AGGRESSIVE;
				CLANG_WARN_UNREACHABLE_CODE = YES;
				CLANG_WARN__DUPLICATE_METHOD_MATCH = YES;
				COPY_PHASE_STRIP = NO;
				DEBUG_INFORMATION_FORMAT = "dwarf-with-dsym";
				ENABLE_NS_ASSERTIONS = NO;
				ENABLE_STRICT_OBJC_MSGSEND = YES;
				GCC_C_LANGUAGE_STANDARD = gnu11;
				GCC_NO_COMMON_BLOCKS = YES;
				GCC_WARN_64_TO_32_BIT_CONVERSION = YES;
				GCC_WARN_ABOUT_RETURN_TYPE = YES_ERROR;
				GCC_WARN_UNDECLARED_SELECTOR = YES;
				GCC_WARN_UNINITIALIZED_AUTOS = YES_AGGRESSIVE;
				GCC_WARN_UNUSED_FUNCTION = YES;
				GCC_WARN_UNUSED_VARIABLE = YES;
				IPHONEOS_DEPLOYMENT_TARGET = 15.5;
				MTL_ENABLE_DEBUG_INFO = NO;
				MTL_FAST_MATH = YES;
				SDKROOT = iphoneos;
				SWIFT_COMPILATION_MODE = wholemodule;
				SWIFT_OPTIMIZATION_LEVEL = "-O";
				VALIDATE_PRODUCT = YES;
			};
			name = Release;
		};
		68FCB0A328A008D900A60408 /* Debug */ = {
			isa = XCBuildConfiguration;
			buildSettings = {
				ASSETCATALOG_COMPILER_APPICON_NAME = AppIcon;
				ASSETCATALOG_COMPILER_GLOBAL_ACCENT_COLOR_NAME = AccentColor;
				CODE_SIGN_STYLE = Automatic;
				CURRENT_PROJECT_VERSION = 1;
				DEVELOPMENT_ASSET_PATHS = "\"Twitter/Preview Content\"";
				DEVELOPMENT_TEAM = 8N287G2684;
				ENABLE_PREVIEWS = YES;
				GENERATE_INFOPLIST_FILE = YES;
				INFOPLIST_KEY_UIApplicationSceneManifest_Generation = YES;
				INFOPLIST_KEY_UIApplicationSupportsIndirectInputEvents = YES;
				INFOPLIST_KEY_UILaunchScreen_Generation = YES;
				INFOPLIST_KEY_UISupportedInterfaceOrientations_iPad = "UIInterfaceOrientationPortrait UIInterfaceOrientationPortraitUpsideDown UIInterfaceOrientationLandscapeLeft UIInterfaceOrientationLandscapeRight";
				INFOPLIST_KEY_UISupportedInterfaceOrientations_iPhone = "UIInterfaceOrientationPortrait UIInterfaceOrientationLandscapeLeft UIInterfaceOrientationLandscapeRight";
				LD_RUNPATH_SEARCH_PATHS = (
					"$(inherited)",
					"@executable_path/Frameworks",
				);
				MARKETING_VERSION = 1.0;
				PRODUCT_BUNDLE_IDENTIFIER = "Victorh-coding.Twitter";
				PRODUCT_NAME = "$(TARGET_NAME)";
				SWIFT_EMIT_LOC_STRINGS = YES;
				SWIFT_VERSION = 5.0;
				TARGETED_DEVICE_FAMILY = "1,2";
			};
			name = Debug;
		};
		68FCB0A428A008D900A60408 /* Release */ = {
			isa = XCBuildConfiguration;
			buildSettings = {
				ASSETCATALOG_COMPILER_APPICON_NAME = AppIcon;
				ASSETCATALOG_COMPILER_GLOBAL_ACCENT_COLOR_NAME = AccentColor;
				CODE_SIGN_STYLE = Automatic;
				CURRENT_PROJECT_VERSION = 1;
				DEVELOPMENT_ASSET_PATHS = "\"Twitter/Preview Content\"";
				DEVELOPMENT_TEAM = 8N287G2684;
				ENABLE_PREVIEWS = YES;
				GENERATE_INFOPLIST_FILE = YES;
				INFOPLIST_KEY_UIApplicationSceneManifest_Generation = YES;
				INFOPLIST_KEY_UIApplicationSupportsIndirectInputEvents = YES;
				INFOPLIST_KEY_UILaunchScreen_Generation = YES;
				INFOPLIST_KEY_UISupportedInterfaceOrientations_iPad = "UIInterfaceOrientationPortrait UIInterfaceOrientationPortraitUpsideDown UIInterfaceOrientationLandscapeLeft UIInterfaceOrientationLandscapeRight";
				INFOPLIST_KEY_UISupportedInterfaceOrientations_iPhone = "UIInterfaceOrientationPortrait UIInterfaceOrientationLandscapeLeft UIInterfaceOrientationLandscapeRight";
				LD_RUNPATH_SEARCH_PATHS = (
					"$(inherited)",
					"@executable_path/Frameworks",
				);
				MARKETING_VERSION = 1.0;
				PRODUCT_BUNDLE_IDENTIFIER = "Victorh-coding.Twitter";
				PRODUCT_NAME = "$(TARGET_NAME)";
				SWIFT_EMIT_LOC_STRINGS = YES;
				SWIFT_VERSION = 5.0;
				TARGETED_DEVICE_FAMILY = "1,2";
			};
			name = Release;
		};
/* End XCBuildConfiguration section */

/* Begin XCConfigurationList section */
		68FCB08F28A008D800A60408 /* Build configuration list for PBXProject "Twitter" */ = {
			isa = XCConfigurationList;
			buildConfigurations = (
				68FCB0A028A008D900A60408 /* Debug */,
				68FCB0A128A008D900A60408 /* Release */,
			);
			defaultConfigurationIsVisible = 0;
			defaultConfigurationName = Release;
		};
		68FCB0A228A008D900A60408 /* Build configuration list for PBXNativeTarget "Twitter" */ = {
			isa = XCConfigurationList;
			buildConfigurations = (
				68FCB0A328A008D900A60408 /* Debug */,
				68FCB0A428A008D900A60408 /* Release */,
			);
			defaultConfigurationIsVisible = 0;
			defaultConfigurationName = Release;
		};
/* End XCConfigurationList section */
	};
	rootObject = 68FCB08C28A008D800A60408 /* Project object */;
}
